
Microsoft Visual Studio Solution File, Format Version 12.00
# Visual Studio 15
VisualStudioVersion = 15.0.28307.572
MinimumVisualStudioVersion = 10.0.40219.1
Project("{8BC9CEB8-8B4A-11D0-8D11-00A0C91BC942}") = "SpaceExplorers", "SpaceExplorers\SpaceExplorers.vcxproj", "{9E137650-302E-43DA-9B22-6518BAF972CB}"
EndProject
Project("{2150E333-8FDC-42A3-9474-1A3956D46DE8}") = "common", "common", "{4FDD30B3-B241-4AD8-BF66-B08EB3F3F262}"
EndProject
Project("{2150E333-8FDC-42A3-9474-1A3956D46DE8}") = "libs", "libs", "{70E2482D-F60A-4E4E-B66E-537DFDE5EFDA}"
EndProject
Project("{8BC9CEB8-8B4A-11D0-8D11-00A0C91BC942}") = "LaggySdk", "..\LaggySdk\LaggySdk\LaggySdk.vcxproj", "{26F606C5-4239-49F0-B3D4-C358526C2325}"
EndProject
Project("{8BC9CEB8-8B4A-11D0-8D11-00A0C91BC942}") = "LaggyDx", "..\LaggyDx\LaggyDx\LaggyDx.vcxproj", "{27FCDF2C-D499-4F8E-A388-494AB948F151}"
EndProject
Project("{8BC9CEB8-8B4A-11D0-8D11-00A0C91BC942}") = "DirectXTK_Desktop_2017_Win10", "..\DirectXTK\DirectXTK_Desktop_2017_Win10.vcxproj", "{E0B52AE7-E160-4D32-BF3F-910B785E5A8E}"
EndProject
Global
	GlobalSection(SolutionConfigurationPlatforms) = preSolution
		Debug|x64 = Debug|x64
		Debug|x86 = Debug|x86
		Release|x64 = Release|x64
		Release|x86 = Release|x86
	EndGlobalSection
	GlobalSection(ProjectConfigurationPlatforms) = postSolution
		{9E137650-302E-43DA-9B22-6518BAF972CB}.Debug|x64.ActiveCfg = Debug|x64
		{9E137650-302E-43DA-9B22-6518BAF972CB}.Debug|x64.Build.0 = Debug|x64
		{9E137650-302E-43DA-9B22-6518BAF972CB}.Debug|x86.ActiveCfg = Debug|Win32
		{9E137650-302E-43DA-9B22-6518BAF972CB}.Debug|x86.Build.0 = Debug|Win32
		{9E137650-302E-43DA-9B22-6518BAF972CB}.Release|x64.ActiveCfg = Release|x64
		{9E137650-302E-43DA-9B22-6518BAF972CB}.Release|x64.Build.0 = Release|x64
		{9E137650-302E-43DA-9B22-6518BAF972CB}.Release|x86.ActiveCfg = Release|Win32
		{9E137650-302E-43DA-9B22-6518BAF972CB}.Release|x86.Build.0 = Release|Win32
		{26F606C5-4239-49F0-B3D4-C358526C2325}.Debug|x64.ActiveCfg = Debug|x64
		{26F606C5-4239-49F0-B3D4-C358526C2325}.Debug|x64.Build.0 = Debug|x64
		{26F606C5-4239-49F0-B3D4-C358526C2325}.Debug|x86.ActiveCfg = Debug|Win32
		{26F606C5-4239-49F0-B3D4-C358526C2325}.Debug|x86.Build.0 = Debug|Win32
		{26F606C5-4239-49F0-B3D4-C358526C2325}.Release|x64.ActiveCfg = Release|x64
		{26F606C5-4239-49F0-B3D4-C358526C2325}.Release|x64.Build.0 = Release|x64
		{26F606C5-4239-49F0-B3D4-C358526C2325}.Release|x86.ActiveCfg = Release|Win32
		{26F606C5-4239-49F0-B3D4-C358526C2325}.Release|x86.Build.0 = Release|Win32
		{27FCDF2C-D499-4F8E-A388-494AB948F151}.Debug|x64.ActiveCfg = Debug|x64
		{27FCDF2C-D499-4F8E-A388-494AB948F151}.Debug|x64.Build.0 = Debug|x64
		{27FCDF2C-D499-4F8E-A388-494AB948F151}.Debug|x86.ActiveCfg = Debug|Win32
		{27FCDF2C-D499-4F8E-A388-494AB948F151}.Debug|x86.Build.0 = Debug|Win32
		{27FCDF2C-D499-4F8E-A388-494AB948F151}.Release|x64.ActiveCfg = Release|x64
		{27FCDF2C-D499-4F8E-A388-494AB948F151}.Release|x64.Build.0 = Release|x64
		{27FCDF2C-D499-4F8E-A388-494AB948F151}.Release|x86.ActiveCfg = Release|Win32
		{27FCDF2C-D499-4F8E-A388-494AB948F151}.Release|x86.Build.0 = Release|Win32
		{E0B52AE7-E160-4D32-BF3F-910B785E5A8E}.Debug|x64.ActiveCfg = Debug|x64
		{E0B52AE7-E160-4D32-BF3F-910B785E5A8E}.Debug|x64.Build.0 = Debug|x64
		{E0B52AE7-E160-4D32-BF3F-910B785E5A8E}.Debug|x86.ActiveCfg = Debug|Win32
		{E0B52AE7-E160-4D32-BF3F-910B785E5A8E}.Debug|x86.Build.0 = Debug|Win32
		{E0B52AE7-E160-4D32-BF3F-910B785E5A8E}.Release|x64.ActiveCfg = Release|x64
		{E0B52AE7-E160-4D32-BF3F-910B785E5A8E}.Release|x64.Build.0 = Release|x64
		{E0B52AE7-E160-4D32-BF3F-910B785E5A8E}.Release|x86.ActiveCfg = Release|Win32
		{E0B52AE7-E160-4D32-BF3F-910B785E5A8E}.Release|x86.Build.0 = Release|Win32
	EndGlobalSection
	GlobalSection(SolutionProperties) = preSolution
		HideSolutionNode = FALSE
	EndGlobalSection
	GlobalSection(NestedProjects) = preSolution
		{9E137650-302E-43DA-9B22-6518BAF972CB} = {4FDD30B3-B241-4AD8-BF66-B08EB3F3F262}
		{26F606C5-4239-49F0-B3D4-C358526C2325} = {70E2482D-F60A-4E4E-B66E-537DFDE5EFDA}
		{27FCDF2C-D499-4F8E-A388-494AB948F151} = {70E2482D-F60A-4E4E-B66E-537DFDE5EFDA}
		{E0B52AE7-E160-4D32-BF3F-910B785E5A8E} = {70E2482D-F60A-4E4E-B66E-537DFDE5EFDA}
	EndGlobalSection
	GlobalSection(ExtensibilityGlobals) = postSolution
		SolutionGuid = {3E9E3953-0347-49DB-BF3F-FC7DF7001338}
	EndGlobalSection
EndGlobal
