<?xml version="1.0" encoding="utf-8"?>
<Project ToolsVersion="4.0" xmlns="http://schemas.microsoft.com/developer/msbuild/2003">
  <ItemGroup>
    <Filter Include="src">
      <UniqueIdentifier>{7a7d8cac-6b3c-436f-94f6-6f85200b44f9}</UniqueIdentifier>
    </Filter>
    <Filter Include="src\App">
      <UniqueIdentifier>{e9b45ef6-8b71-4c8d-a70d-35f1b8052891}</UniqueIdentifier>
    </Filter>
    <Filter Include="src\Game">
      <UniqueIdentifier>{68fe41fb-9a3d-4f05-8f34-83a76b35f8f6}</UniqueIdentifier>
    </Filter>
    <Filter Include="src\Settings">
      <UniqueIdentifier>{d0f687b7-45d6-49d1-a5ad-bc95219963af}</UniqueIdentifier>
    </Filter>
    <Filter Include="src\Game\Camera">
      <UniqueIdentifier>{9ca1cb00-08d7-487e-8b87-e2eec2f8af86}</UniqueIdentifier>
    </Filter>
    <Filter Include="src\Gui">
      <UniqueIdentifier>{ef52b4c2-6658-40d7-862b-41b13c3389a3}</UniqueIdentifier>
    </Filter>
    <Filter Include="src\Gui\GuiControls">
      <UniqueIdentifier>{ba07a084-04a5-47c0-973a-9981834bcd07}</UniqueIdentifier>
    </Filter>
    <Filter Include="src\Gui\Cursor">
      <UniqueIdentifier>{f1708bd0-daa3-40e8-a726-ecad6aff4efe}</UniqueIdentifier>
    </Filter>
    <Filter Include="src\World">
      <UniqueIdentifier>{f7240feb-166d-48d4-a40a-53c5f865e5d3}</UniqueIdentifier>
    </Filter>
    <Filter Include="src\World\Prototypes">
      <UniqueIdentifier>{24788ca8-6a6c-48e3-9ff1-9b9875f6f926}</UniqueIdentifier>
    </Filter>
    <Filter Include="src\World\Structures">
      <UniqueIdentifier>{824638d1-11c5-4915-ae2a-824124b5818a}</UniqueIdentifier>
    </Filter>
    <Filter Include="src\World\Tile">
      <UniqueIdentifier>{16ebc7a1-eb12-4f62-ba7d-d83b3de44e7a}</UniqueIdentifier>
    </Filter>
    <Filter Include="src\World\Objects">
      <UniqueIdentifier>{a195876b-373c-4b4e-9b7c-448931aebf30}</UniqueIdentifier>
    </Filter>
    <Filter Include="src\World\ObjectsReader">
      <UniqueIdentifier>{fb1f3a2c-db02-4dda-916e-5508a1870786}</UniqueIdentifier>
    </Filter>
    <Filter Include="src\Utils">
      <UniqueIdentifier>{74df05f8-5138-4696-b2bc-b44dcc8a7819}</UniqueIdentifier>
    </Filter>
    <Filter Include="src\Container">
      <UniqueIdentifier>{f4e61616-3206-4d85-a10d-a7f8d4186131}</UniqueIdentifier>
    </Filter>
    <Filter Include="src\World\Thing">
      <UniqueIdentifier>{3250c239-d874-4fba-9dc8-1d69131604b1}</UniqueIdentifier>
    </Filter>
    <Filter Include="src\World\BehaviorModels">
      <UniqueIdentifier>{3445dfbf-74cc-4902-8832-dd4f8f0158ae}</UniqueIdentifier>
    </Filter>
    <Filter Include="rsrc">
      <UniqueIdentifier>{38363023-f7b3-4525-9664-05d11c10a713}</UniqueIdentifier>
    </Filter>
    <Filter Include="src\Atmosphere">
      <UniqueIdentifier>{6d1b0e2c-07ce-43c9-8a80-4e9a77798309}</UniqueIdentifier>
    </Filter>
  </ItemGroup>
  <ItemGroup>
    <ClCompile Include="stdafx.cpp">
      <Filter>src</Filter>
    </ClCompile>
    <ClCompile Include="main.cpp">
      <Filter>src</Filter>
    </ClCompile>
    <ClCompile Include="App.cpp">
      <Filter>src\App</Filter>
    </ClCompile>
    <ClCompile Include="SettingsProvider.cpp">
      <Filter>src\Settings</Filter>
    </ClCompile>
    <ClCompile Include="World.cpp">
      <Filter>src\World</Filter>
    </ClCompile>
    <ClCompile Include="Game.cpp">
      <Filter>src\Game</Filter>
    </ClCompile>
    <ClCompile Include="Gui.cpp">
      <Filter>src\Gui</Filter>
    </ClCompile>
    <ClCompile Include="Game_input.cpp">
      <Filter>src\Game</Filter>
    </ClCompile>
    <ClCompile Include="Cursor.cpp">
      <Filter>src\Gui\Cursor</Filter>
    </ClCompile>
    <ClCompile Include="World_create.cpp">
      <Filter>src\World</Filter>
    </ClCompile>
    <ClCompile Include="Camera.cpp">
      <Filter>src\Game\Camera</Filter>
    </ClCompile>
    <ClCompile Include="Label.cpp">
      <Filter>src\Gui\GuiControls</Filter>
    </ClCompile>
    <ClCompile Include="Gui_create.cpp">
      <Filter>src\Gui</Filter>
    </ClCompile>
    <ClCompile Include="Structure.cpp">
      <Filter>src\World\Structures</Filter>
    </ClCompile>
    <ClCompile Include="Game_utils.cpp">
      <Filter>src\Game</Filter>
    </ClCompile>
    <ClCompile Include="Tile.cpp">
      <Filter>src\World\Tile</Filter>
    </ClCompile>
    <ClCompile Include="Inventory.cpp">
      <Filter>src\Gui\GuiControls</Filter>
    </ClCompile>
    <ClCompile Include="Panel.cpp">
      <Filter>src\Gui\GuiControls</Filter>
    </ClCompile>
    <ClCompile Include="Game_states.cpp">
      <Filter>src\Game</Filter>
    </ClCompile>
    <ClCompile Include="Button.cpp">
      <Filter>src\Gui\GuiControls</Filter>
    </ClCompile>
    <ClCompile Include="Gui_input.cpp">
      <Filter>src\Gui</Filter>
    </ClCompile>
    <ClCompile Include="Game_save.cpp">
      <Filter>src\Game</Filter>
    </ClCompile>
    <ClCompile Include="Tile_save.cpp">
      <Filter>src\World\Tile</Filter>
    </ClCompile>
    <ClCompile Include="Structure_save.cpp">
      <Filter>src\World\Structures</Filter>
    </ClCompile>
    <ClCompile Include="World_save.cpp">
      <Filter>src\World</Filter>
    </ClCompile>
    <ClCompile Include="PrototypesCollection.cpp">
      <Filter>src\World\Prototypes</Filter>
    </ClCompile>
    <ClCompile Include="Object.cpp">
      <Filter>src\World\Objects</Filter>
    </ClCompile>
    <ClCompile Include="Object_save.cpp">
      <Filter>src\World\Objects</Filter>
    </ClCompile>
    <ClCompile Include="Game_control.cpp">
      <Filter>src\Game</Filter>
    </ClCompile>
    <ClCompile Include="ObjectsReader.cpp">
      <Filter>src\World\ObjectsReader</Filter>
    </ClCompile>
    <ClCompile Include="Utils.cpp">
      <Filter>src\Utils</Filter>
    </ClCompile>
    <ClCompile Include="Avatar.cpp">
      <Filter>src\World\Objects</Filter>
    </ClCompile>
    <ClCompile Include="Container.cpp">
      <Filter>src\Container</Filter>
    </ClCompile>
    <ClCompile Include="Avatar_save.cpp">
      <Filter>src\World\Objects</Filter>
    </ClCompile>
    <ClCompile Include="Container_save.cpp">
      <Filter>src\Container</Filter>
    </ClCompile>
    <ClCompile Include="BuildProgressBar.cpp">
      <Filter>src\Gui\GuiControls</Filter>
    </ClCompile>
    <ClCompile Include="DoorModel.cpp">
      <Filter>src\World\BehaviorModels</Filter>
    </ClCompile>
    <ClCompile Include="BehaviorModelBase.cpp">
      <Filter>src\World\BehaviorModels</Filter>
    </ClCompile>
    <ClCompile Include="BehaviorModelFactory.cpp">
      <Filter>src\World\BehaviorModels</Filter>
    </ClCompile>
    <ClCompile Include="ContainerModel.cpp">
      <Filter>src\World\BehaviorModels</Filter>
    </ClCompile>
    <ClCompile Include="Atmosphere.cpp">
      <Filter>src\Atmosphere</Filter>
    </ClCompile>
  </ItemGroup>
  <ItemGroup>
    <ClInclude Include="stdafx.h">
      <Filter>src</Filter>
    </ClInclude>
    <ClInclude Include="App.h">
      <Filter>src\App</Filter>
    </ClInclude>
    <ClInclude Include="SettingsProvider.h">
      <Filter>src\Settings</Filter>
    </ClInclude>
    <ClInclude Include="World.h">
      <Filter>src\World</Filter>
    </ClInclude>
    <ClInclude Include="Game.h">
      <Filter>src\Game</Filter>
    </ClInclude>
    <ClInclude Include="Gui.h">
      <Filter>src\Gui</Filter>
    </ClInclude>
    <ClInclude Include="IGuiControl.h">
      <Filter>src\Gui\GuiControls</Filter>
    </ClInclude>
    <ClInclude Include="Cursor.h">
      <Filter>src\Gui\Cursor</Filter>
    </ClInclude>
    <ClInclude Include="IApp.h">
      <Filter>src\App</Filter>
    </ClInclude>
    <ClInclude Include="Camera.h">
      <Filter>src\Game\Camera</Filter>
    </ClInclude>
    <ClInclude Include="Label.h">
      <Filter>src\Gui\GuiControls</Filter>
    </ClInclude>
    <ClInclude Include="Fwd.h">
      <Filter>src</Filter>
    </ClInclude>
    <ClInclude Include="ExternalSettings.h">
      <Filter>src\Settings</Filter>
    </ClInclude>
    <ClInclude Include="InternalSettings.h">
      <Filter>src\Settings</Filter>
    </ClInclude>
    <ClInclude Include="Actions.h">
      <Filter>src\Game</Filter>
    </ClInclude>
    <ClInclude Include="Structure.h">
      <Filter>src\World\Structures</Filter>
    </ClInclude>
    <ClInclude Include="Tile.h">
      <Filter>src\World\Tile</Filter>
    </ClInclude>
    <ClInclude Include="Inventory.h">
      <Filter>src\Gui\GuiControls</Filter>
    </ClInclude>
    <ClInclude Include="Panel.h">
      <Filter>src\Gui\GuiControls</Filter>
    </ClInclude>
    <ClInclude Include="Button.h">
      <Filter>src\Gui\GuiControls</Filter>
    </ClInclude>
    <ClInclude Include="PrototypesCollection.h">
      <Filter>src\World\Prototypes</Filter>
    </ClInclude>
    <ClInclude Include="Prototypes.h">
      <Filter>src\World\Prototypes</Filter>
    </ClInclude>
    <ClInclude Include="Object.h">
      <Filter>src\World\Objects</Filter>
    </ClInclude>
    <ClInclude Include="ObjectsReader.h">
      <Filter>src\World\ObjectsReader</Filter>
    </ClInclude>
    <ClInclude Include="Utils.h">
      <Filter>src\Utils</Filter>
    </ClInclude>
    <ClInclude Include="Avatar.h">
      <Filter>src\World\Objects</Filter>
    </ClInclude>
    <ClInclude Include="Container.h">
      <Filter>src\Container</Filter>
    </ClInclude>
    <ClInclude Include="Container_events.h">
      <Filter>src\Container</Filter>
    </ClInclude>
    <ClInclude Include="Thing.h">
      <Filter>src\World\Thing</Filter>
    </ClInclude>
    <ClInclude Include="BuildContext.h">
      <Filter>src\World\Objects</Filter>
    </ClInclude>
    <ClInclude Include="Avatar_events.h">
      <Filter>src\World\Objects</Filter>
    </ClInclude>
    <ClInclude Include="BuildProgressBar.h">
      <Filter>src\Gui\GuiControls</Filter>
    </ClInclude>
    <ClInclude Include="BehaviorModelBase.h">
      <Filter>src\World\BehaviorModels</Filter>
    </ClInclude>
    <ClInclude Include="DoorModel.h">
      <Filter>src\World\BehaviorModels</Filter>
    </ClInclude>
    <ClInclude Include="Behaviors.h">
      <Filter>src\World\BehaviorModels</Filter>
    </ClInclude>
    <ClInclude Include="Layers.h">
      <Filter>src\World\Prototypes</Filter>
    </ClInclude>
    <ClInclude Include="BehaviorModelFactory.h">
      <Filter>src\World\BehaviorModels</Filter>
    </ClInclude>
    <ClInclude Include="ContainerModel.h">
      <Filter>src\World\BehaviorModels</Filter>
    </ClInclude>
    <ClInclude Include="Inventory_events.h">
      <Filter>src\Gui\GuiControls</Filter>
    </ClInclude>
    <ClInclude Include="resource.h">
      <Filter>rsrc</Filter>
    </ClInclude>
    <ClInclude Include="WalkModes.h">
      <Filter>src\World\Objects</Filter>
    </ClInclude>
    <ClInclude Include="Atmosphere.h">
      <Filter>src\Atmosphere</Filter>
    </ClInclude>
    <ClInclude Include="Gases.h">
      <Filter>src\Atmosphere</Filter>
    </ClInclude>
    <ClInclude Include="OverlayOptions.h">
      <Filter>src\Game</Filter>
    </ClInclude>
  </ItemGroup>
  <ItemGroup>
    <Image Include="Icon.ico">
      <Filter>rsrc</Filter>
    </Image>
  </ItemGroup>
  <ItemGroup>
    <ResourceCompile Include="SpaceExplorers.rc">
      <Filter>rsrc</Filter>
    </ResourceCompile>
  </ItemGroup>
</Project>