<?xml version="1.0" encoding="utf-8"?>
<Project ToolsVersion="4.0" xmlns="http://schemas.microsoft.com/developer/msbuild/2003">
  <ItemGroup>
    <Filter Include="src">
      <UniqueIdentifier>{7a7d8cac-6b3c-436f-94f6-6f85200b44f9}</UniqueIdentifier>
    </Filter>
    <Filter Include="src\SettingsProvider">
      <UniqueIdentifier>{d0f687b7-45d6-49d1-a5ad-bc95219963af}</UniqueIdentifier>
    </Filter>
    <Filter Include="src\App">
      <UniqueIdentifier>{e9b45ef6-8b71-4c8d-a70d-35f1b8052891}</UniqueIdentifier>
    </Filter>
    <Filter Include="src\World">
      <UniqueIdentifier>{f7240feb-166d-48d4-a40a-53c5f865e5d3}</UniqueIdentifier>
    </Filter>
    <Filter Include="src\Game">
      <UniqueIdentifier>{68fe41fb-9a3d-4f05-8f34-83a76b35f8f6}</UniqueIdentifier>
    </Filter>
    <Filter Include="src\World\Objects">
      <UniqueIdentifier>{4b805a66-8695-4d34-aa62-da6c5d8ba1a0}</UniqueIdentifier>
    </Filter>
    <Filter Include="src\Gui">
      <UniqueIdentifier>{ef52b4c2-6658-40d7-862b-41b13c3389a3}</UniqueIdentifier>
    </Filter>
    <Filter Include="src\Gui\GuiControls">
      <UniqueIdentifier>{ba07a084-04a5-47c0-973a-9981834bcd07}</UniqueIdentifier>
    </Filter>
    <Filter Include="src\Gui\Cursor">
      <UniqueIdentifier>{f1708bd0-daa3-40e8-a726-ecad6aff4efe}</UniqueIdentifier>
    </Filter>
    <Filter Include="src\World\Prototypes">
      <UniqueIdentifier>{24788ca8-6a6c-48e3-9ff1-9b9875f6f926}</UniqueIdentifier>
    </Filter>
    <Filter Include="src\Camera">
      <UniqueIdentifier>{9ca1cb00-08d7-487e-8b87-e2eec2f8af86}</UniqueIdentifier>
    </Filter>
  </ItemGroup>
  <ItemGroup>
    <ClCompile Include="stdafx.cpp">
      <Filter>src</Filter>
    </ClCompile>
    <ClCompile Include="main.cpp">
      <Filter>src</Filter>
    </ClCompile>
    <ClCompile Include="App.cpp">
      <Filter>src\App</Filter>
    </ClCompile>
    <ClCompile Include="SettingsProvider.cpp">
      <Filter>src\SettingsProvider</Filter>
    </ClCompile>
    <ClCompile Include="World.cpp">
      <Filter>src\World</Filter>
    </ClCompile>
    <ClCompile Include="Game.cpp">
      <Filter>src\Game</Filter>
    </ClCompile>
    <ClCompile Include="Structure.cpp">
      <Filter>src\World\Objects</Filter>
    </ClCompile>
    <ClCompile Include="Object.cpp">
      <Filter>src\World\Objects</Filter>
    </ClCompile>
    <ClCompile Include="Gui.cpp">
      <Filter>src\Gui</Filter>
    </ClCompile>
    <ClCompile Include="Game_input.cpp">
      <Filter>src\Game</Filter>
    </ClCompile>
    <ClCompile Include="Cursor.cpp">
      <Filter>src\Gui\Cursor</Filter>
    </ClCompile>
    <ClCompile Include="World_create.cpp">
      <Filter>src\World</Filter>
    </ClCompile>
    <ClCompile Include="Prototypes.cpp">
      <Filter>src\World\Prototypes</Filter>
    </ClCompile>
    <ClCompile Include="Camera.cpp">
      <Filter>src\Camera</Filter>
    </ClCompile>
    <ClCompile Include="Tile.cpp" />
  </ItemGroup>
  <ItemGroup>
    <ClInclude Include="stdafx.h">
      <Filter>src</Filter>
    </ClInclude>
    <ClInclude Include="App.h">
      <Filter>src\App</Filter>
    </ClInclude>
    <ClInclude Include="SettingsProvider.h">
      <Filter>src\SettingsProvider</Filter>
    </ClInclude>
    <ClInclude Include="World.h">
      <Filter>src\World</Filter>
    </ClInclude>
    <ClInclude Include="Game.h">
      <Filter>src\Game</Filter>
    </ClInclude>
    <ClInclude Include="Structure.h">
      <Filter>src\World\Objects</Filter>
    </ClInclude>
    <ClInclude Include="Object.h">
      <Filter>src\World\Objects</Filter>
    </ClInclude>
    <ClInclude Include="Gui.h">
      <Filter>src\Gui</Filter>
    </ClInclude>
    <ClInclude Include="IGuiControl.h">
      <Filter>src\Gui\GuiControls</Filter>
    </ClInclude>
    <ClInclude Include="Cursor.h">
      <Filter>src\Gui\Cursor</Filter>
    </ClInclude>
    <ClInclude Include="IApp.h">
      <Filter>src\App</Filter>
    </ClInclude>
    <ClInclude Include="StructurePrototype.h">
      <Filter>src\World\Prototypes</Filter>
    </ClInclude>
    <ClInclude Include="Prototypes.h">
      <Filter>src\World\Prototypes</Filter>
    </ClInclude>
    <ClInclude Include="Camera.h">
      <Filter>src\Camera</Filter>
    </ClInclude>
    <ClInclude Include="Tile.h">
      <Filter>src\World</Filter>
    </ClInclude>
    <ClInclude Include="TileSize.h">
      <Filter>src\World</Filter>
    </ClInclude>
  </ItemGroup>
</Project>